
Microsoft Visual Studio Solution File, Format Version 12.00
# Visual Studio Version 17
VisualStudioVersion = 17.5.002.0
MinimumVisualStudioVersion = 10.0.40219.1
Project("{9A19103F-16F7-4668-BE54-9A1E7A4F7556}") = "PetMatch", "PetMatch.csproj", "{ED5622AE-FC6E-4A6B-B3EC-1754EC5516FF}"
EndProject
Global
	GlobalSection(SolutionConfigurationPlatforms) = preSolution
		Debug|Any CPU = Debug|Any CPU
		Release|Any CPU = Release|Any CPU
	EndGlobalSection
	GlobalSection(ProjectConfigurationPlatforms) = postSolution
		{ED5622AE-FC6E-4A6B-B3EC-1754EC5516FF}.Debug|Any CPU.ActiveCfg = Debug|Any CPU
		{ED5622AE-FC6E-4A6B-B3EC-1754EC5516FF}.Debug|Any CPU.Build.0 = Debug|Any CPU
		{ED5622AE-FC6E-4A6B-B3EC-1754EC5516FF}.Release|Any CPU.ActiveCfg = Release|Any CPU
		{ED5622AE-FC6E-4A6B-B3EC-1754EC5516FF}.Release|Any CPU.Build.0 = Release|Any CPU
	EndGlobalSection
	GlobalSection(SolutionProperties) = preSolution
		HideSolutionNode = FALSE
	EndGlobalSection
	GlobalSection(ExtensibilityGlobals) = postSolution
		SolutionGuid = {3B1D6FED-F6B2-4C52-9529-8790AD08AF6E}
	EndGlobalSection
EndGlobal
